
Microsoft Visual Studio Solution File, Format Version 12.00
# Visual Studio 15
VisualStudioVersion = 15.0.27703.2000
MinimumVisualStudioVersion = 10.0.40219.1
Project("{FAE04EC0-301F-11D3-BF4B-00C04F79EFBC}") = "productionPracticeCSharp_10", "productionPracticeCSharp_10\productionPracticeCSharp_10.csproj", "{7E98DF7A-EE0F-4B57-A37B-BFE39AA6F159}"
EndProject
Global
	GlobalSection(SolutionConfigurationPlatforms) = preSolution
		Debug|Any CPU = Debug|Any CPU
		Release|Any CPU = Release|Any CPU
	EndGlobalSection
	GlobalSection(ProjectConfigurationPlatforms) = postSolution
		{7E98DF7A-EE0F-4B57-A37B-BFE39AA6F159}.Debug|Any CPU.ActiveCfg = Debug|Any CPU
		{7E98DF7A-EE0F-4B57-A37B-BFE39AA6F159}.Debug|Any CPU.Build.0 = Debug|Any CPU
		{7E98DF7A-EE0F-4B57-A37B-BFE39AA6F159}.Release|Any CPU.ActiveCfg = Release|Any CPU
		{7E98DF7A-EE0F-4B57-A37B-BFE39AA6F159}.Release|Any CPU.Build.0 = Release|Any CPU
	EndGlobalSection
	GlobalSection(SolutionProperties) = preSolution
		HideSolutionNode = FALSE
	EndGlobalSection
	GlobalSection(ExtensibilityGlobals) = postSolution
		SolutionGuid = {E45174A1-794E-4CF6-A8D7-93B787B0A7BE}
	EndGlobalSection
EndGlobal
